
Microsoft Visual Studio Solution File, Format Version 12.00
# Visual Studio 15
VisualStudioVersion = 15.0.27703.2042
MinimumVisualStudioVersion = 10.0.40219.1
Project("{FAE04EC0-301F-11D3-BF4B-00C04F79EFBC}") = "D2.Dashboard", "D2.Dashboard\D2.Dashboard.csproj", "{D213B7FF-3E95-4120-BBBC-2AB45C3C4EE5}"
EndProject
Global
	GlobalSection(SolutionConfigurationPlatforms) = preSolution
		Debug|Any CPU = Debug|Any CPU
		Release|Any CPU = Release|Any CPU
	EndGlobalSection
	GlobalSection(ProjectConfigurationPlatforms) = postSolution
		{D213B7FF-3E95-4120-BBBC-2AB45C3C4EE5}.Debug|Any CPU.ActiveCfg = Debug|Any CPU
		{D213B7FF-3E95-4120-BBBC-2AB45C3C4EE5}.Debug|Any CPU.Build.0 = Debug|Any CPU
		{D213B7FF-3E95-4120-BBBC-2AB45C3C4EE5}.Release|Any CPU.ActiveCfg = Release|Any CPU
		{D213B7FF-3E95-4120-BBBC-2AB45C3C4EE5}.Release|Any CPU.Build.0 = Release|Any CPU
	EndGlobalSection
	GlobalSection(SolutionProperties) = preSolution
		HideSolutionNode = FALSE
	EndGlobalSection
	GlobalSection(ExtensibilityGlobals) = postSolution
		SolutionGuid = {23A29AC9-ABC9-4C09-82F8-8C8678C40674}
	EndGlobalSection
EndGlobal
